
Microsoft Visual Studio Solution File, Format Version 12.00
# Visual Studio Version 17
VisualStudioVersion = 17.12.35707.178
MinimumVisualStudioVersion = 10.0.40219.1
Project("{2150E333-8FDC-42A3-9474-1A3956D46DE8}") = "src", "src", "{E21E0398-8CA2-49BB-8664-3D6EBD08B09F}"
EndProject
Project("{2150E333-8FDC-42A3-9474-1A3956D46DE8}") = "test", "test", "{F7B14C9D-E324-42BA-9BF7-0A4B0B46D706}"
EndProject
Project("{2150E333-8FDC-42A3-9474-1A3956D46DE8}") = "Data Layer", "Data Layer", "{02EA681E-C7D8-13C7-8484-4AC65E1B71E8}"
EndProject
Project("{2150E333-8FDC-42A3-9474-1A3956D46DE8}") = "Data Access Layer", "Data Access Layer", "{4FFFF946-EEA5-4031-8C6C-914F4DD71886}"
EndProject
Project("{2150E333-8FDC-42A3-9474-1A3956D46DE8}") = "Business Layer", "Business Layer", "{634263F4-E715-4CF8-A962-FBEA7F1F0BCA}"
EndProject
Project("{2150E333-8FDC-42A3-9474-1A3956D46DE8}") = "Presentation Layer", "Presentation Layer", "{53E1A451-B8A6-45BA-8544-D6C40F191647}"
EndProject
Project("{FAE04EC0-301F-11D3-BF4B-00C04F79EFBC}") = "DotNetBase.Entities", "src\Data Layer\DotNetBase.Entities\DotNetBase.Entities.csproj", "{C2250567-0137-572C-2A6D-E673EADD8B2C}"
EndProject
Project("{FAE04EC0-301F-11D3-BF4B-00C04F79EFBC}") = "DotNetBase.Api", "src\Presentation Layer\DotNetBase.Api\DotNetBase.Api.csproj", "{234E6C8F-7ED3-460B-AC86-B5E8B63C875F}"
EndProject
Project("{FAE04EC0-301F-11D3-BF4B-00C04F79EFBC}") = "DotNetBase.EFCore", "src\Data Access Layer\DotNetBase.EFCore\DotNetBase.EFCore.csproj", "{BA2B5A64-D640-4F31-A6A0-E88C52AB1AF5}"
EndProject
Project("{FAE04EC0-301F-11D3-BF4B-00C04F79EFBC}") = "DotNetBase.Business.Identity", "src\Business Layer\DotNetBase.Business.Identity\DotNetBase.Business.Identity.csproj", "{8C383C67-8021-40B2-BA5F-DD31FB5118B2}"
EndProject
Project("{2150E333-8FDC-42A3-9474-1A3956D46DE8}") = "Infrastructure", "Infrastructure", "{6A4C3474-77A7-4B80-A86D-66759414B23D}"
EndProject
Project("{2150E333-8FDC-42A3-9474-1A3956D46DE8}") = "docs", "docs", "{6A3238D7-CF4C-4283-A3A5-F461A1FD9315}"
EndProject
Project("{FAE04EC0-301F-11D3-BF4B-00C04F79EFBC}") = "DotNetBase.Infrastructure.Common", "src\Infrastructure\DotNetBase.Infrastructure.Common\DotNetBase.Infrastructure.Common.csproj", "{1895F248-362B-4044-B440-0522E11F99BF}"
EndProject
Project("{FAE04EC0-301F-11D3-BF4B-00C04F79EFBC}") = "DotNetBase.Business.Crm", "src\Business Layer\DotNetBase.Business.Crm\DotNetBase.Business.Crm.csproj", "{49423103-FF7D-4D93-BB3E-5525CED1B760}"
EndProject
Project("{FAE04EC0-301F-11D3-BF4B-00C04F79EFBC}") = "DotNetBase.Business.Financial", "src\Business Layer\DotNetBase.Business.Financial\DotNetBase.Business.Financial.csproj", "{69BAD3F8-EEE9-4F20-8B73-F57A37AAEF9E}"
EndProject
Project("{FAE04EC0-301F-11D3-BF4B-00C04F79EFBC}") = "DotNetBase.Business.Procurement", "src\Business Layer\DotNetBase.Business.Procurement\DotNetBase.Business.Procurement.csproj", "{B3DE42B4-C001-4ACE-A3C8-87C54BCEA556}"
EndProject
Global
	GlobalSection(SolutionConfigurationPlatforms) = preSolution
		Debug|Any CPU = Debug|Any CPU
		Release|Any CPU = Release|Any CPU
	EndGlobalSection
	GlobalSection(ProjectConfigurationPlatforms) = postSolution
		{C2250567-0137-572C-2A6D-E673EADD8B2C}.Debug|Any CPU.ActiveCfg = Debug|Any CPU
		{C2250567-0137-572C-2A6D-E673EADD8B2C}.Debug|Any CPU.Build.0 = Debug|Any CPU
		{C2250567-0137-572C-2A6D-E673EADD8B2C}.Release|Any CPU.ActiveCfg = Release|Any CPU
		{C2250567-0137-572C-2A6D-E673EADD8B2C}.Release|Any CPU.Build.0 = Release|Any CPU
		{234E6C8F-7ED3-460B-AC86-B5E8B63C875F}.Debug|Any CPU.ActiveCfg = Debug|Any CPU
		{234E6C8F-7ED3-460B-AC86-B5E8B63C875F}.Debug|Any CPU.Build.0 = Debug|Any CPU
		{234E6C8F-7ED3-460B-AC86-B5E8B63C875F}.Release|Any CPU.ActiveCfg = Release|Any CPU
		{234E6C8F-7ED3-460B-AC86-B5E8B63C875F}.Release|Any CPU.Build.0 = Release|Any CPU
		{BA2B5A64-D640-4F31-A6A0-E88C52AB1AF5}.Debug|Any CPU.ActiveCfg = Debug|Any CPU
		{BA2B5A64-D640-4F31-A6A0-E88C52AB1AF5}.Debug|Any CPU.Build.0 = Debug|Any CPU
		{BA2B5A64-D640-4F31-A6A0-E88C52AB1AF5}.Release|Any CPU.ActiveCfg = Release|Any CPU
		{BA2B5A64-D640-4F31-A6A0-E88C52AB1AF5}.Release|Any CPU.Build.0 = Release|Any CPU
		{8C383C67-8021-40B2-BA5F-DD31FB5118B2}.Debug|Any CPU.ActiveCfg = Debug|Any CPU
		{8C383C67-8021-40B2-BA5F-DD31FB5118B2}.Debug|Any CPU.Build.0 = Debug|Any CPU
		{8C383C67-8021-40B2-BA5F-DD31FB5118B2}.Release|Any CPU.ActiveCfg = Release|Any CPU
		{8C383C67-8021-40B2-BA5F-DD31FB5118B2}.Release|Any CPU.Build.0 = Release|Any CPU
		{1895F248-362B-4044-B440-0522E11F99BF}.Debug|Any CPU.ActiveCfg = Debug|Any CPU
		{1895F248-362B-4044-B440-0522E11F99BF}.Debug|Any CPU.Build.0 = Debug|Any CPU
		{1895F248-362B-4044-B440-0522E11F99BF}.Release|Any CPU.ActiveCfg = Release|Any CPU
		{1895F248-362B-4044-B440-0522E11F99BF}.Release|Any CPU.Build.0 = Release|Any CPU
		{49423103-FF7D-4D93-BB3E-5525CED1B760}.Debug|Any CPU.ActiveCfg = Debug|Any CPU
		{49423103-FF7D-4D93-BB3E-5525CED1B760}.Debug|Any CPU.Build.0 = Debug|Any CPU
		{49423103-FF7D-4D93-BB3E-5525CED1B760}.Release|Any CPU.ActiveCfg = Release|Any CPU
		{49423103-FF7D-4D93-BB3E-5525CED1B760}.Release|Any CPU.Build.0 = Release|Any CPU
		{69BAD3F8-EEE9-4F20-8B73-F57A37AAEF9E}.Debug|Any CPU.ActiveCfg = Debug|Any CPU
		{69BAD3F8-EEE9-4F20-8B73-F57A37AAEF9E}.Debug|Any CPU.Build.0 = Debug|Any CPU
		{69BAD3F8-EEE9-4F20-8B73-F57A37AAEF9E}.Release|Any CPU.ActiveCfg = Release|Any CPU
		{69BAD3F8-EEE9-4F20-8B73-F57A37AAEF9E}.Release|Any CPU.Build.0 = Release|Any CPU
		{B3DE42B4-C001-4ACE-A3C8-87C54BCEA556}.Debug|Any CPU.ActiveCfg = Debug|Any CPU
		{B3DE42B4-C001-4ACE-A3C8-87C54BCEA556}.Debug|Any CPU.Build.0 = Debug|Any CPU
		{B3DE42B4-C001-4ACE-A3C8-87C54BCEA556}.Release|Any CPU.ActiveCfg = Release|Any CPU
		{B3DE42B4-C001-4ACE-A3C8-87C54BCEA556}.Release|Any CPU.Build.0 = Release|Any CPU
	EndGlobalSection
	GlobalSection(SolutionProperties) = preSolution
		HideSolutionNode = FALSE
	EndGlobalSection
	GlobalSection(NestedProjects) = preSolution
		{02EA681E-C7D8-13C7-8484-4AC65E1B71E8} = {E21E0398-8CA2-49BB-8664-3D6EBD08B09F}
		{4FFFF946-EEA5-4031-8C6C-914F4DD71886} = {E21E0398-8CA2-49BB-8664-3D6EBD08B09F}
		{634263F4-E715-4CF8-A962-FBEA7F1F0BCA} = {E21E0398-8CA2-49BB-8664-3D6EBD08B09F}
		{53E1A451-B8A6-45BA-8544-D6C40F191647} = {E21E0398-8CA2-49BB-8664-3D6EBD08B09F}
		{C2250567-0137-572C-2A6D-E673EADD8B2C} = {02EA681E-C7D8-13C7-8484-4AC65E1B71E8}
		{234E6C8F-7ED3-460B-AC86-B5E8B63C875F} = {53E1A451-B8A6-45BA-8544-D6C40F191647}
		{BA2B5A64-D640-4F31-A6A0-E88C52AB1AF5} = {4FFFF946-EEA5-4031-8C6C-914F4DD71886}
		{8C383C67-8021-40B2-BA5F-DD31FB5118B2} = {634263F4-E715-4CF8-A962-FBEA7F1F0BCA}
		{6A4C3474-77A7-4B80-A86D-66759414B23D} = {E21E0398-8CA2-49BB-8664-3D6EBD08B09F}
		{1895F248-362B-4044-B440-0522E11F99BF} = {6A4C3474-77A7-4B80-A86D-66759414B23D}
		{49423103-FF7D-4D93-BB3E-5525CED1B760} = {634263F4-E715-4CF8-A962-FBEA7F1F0BCA}
		{69BAD3F8-EEE9-4F20-8B73-F57A37AAEF9E} = {634263F4-E715-4CF8-A962-FBEA7F1F0BCA}
		{B3DE42B4-C001-4ACE-A3C8-87C54BCEA556} = {634263F4-E715-4CF8-A962-FBEA7F1F0BCA}
	EndGlobalSection
	GlobalSection(ExtensibilityGlobals) = postSolution
		SolutionGuid = {CBE857CE-3616-494F-B90E-3A3B7496FAAB}
	EndGlobalSection
EndGlobal
